
Microsoft Visual Studio Solution File, Format Version 12.00
# Visual Studio 15
VisualStudioVersion = 15.0.27130.2027
MinimumVisualStudioVersion = 10.0.40219.1
Project("{FAE04EC0-301F-11D3-BF4B-00C04F79EFBC}") = "POS", "POS\POS.csproj", "{CF0E3AFA-018A-4FE5-BAE7-433C36791394}"
EndProject
Global
	GlobalSection(SolutionConfigurationPlatforms) = preSolution
		Debug|Any CPU = Debug|Any CPU
		Release|Any CPU = Release|Any CPU
	EndGlobalSection
	GlobalSection(ProjectConfigurationPlatforms) = postSolution
		{CF0E3AFA-018A-4FE5-BAE7-433C36791394}.Debug|Any CPU.ActiveCfg = Debug|Any CPU
		{CF0E3AFA-018A-4FE5-BAE7-433C36791394}.Debug|Any CPU.Build.0 = Debug|Any CPU
		{CF0E3AFA-018A-4FE5-BAE7-433C36791394}.Release|Any CPU.ActiveCfg = Release|Any CPU
		{CF0E3AFA-018A-4FE5-BAE7-433C36791394}.Release|Any CPU.Build.0 = Release|Any CPU
	EndGlobalSection
	GlobalSection(SolutionProperties) = preSolution
		HideSolutionNode = FALSE
	EndGlobalSection
	GlobalSection(ExtensibilityGlobals) = postSolution
		SolutionGuid = {8229FA34-EFB7-48B3-B554-52695139E823}
	EndGlobalSection
EndGlobal
